// !$*UTF8*$!
{
	archiveVersion = 1;
	classes = {
	};
	objectVersion = 46;
	objects = {

/* Begin PBXBuildFile section */
		6A3C33061CEB33A900E5AB76 /* AppDelegate.swift in Sources */ = {isa = PBXBuildFile; fileRef = 6A3C33051CEB33A900E5AB76 /* AppDelegate.swift */; };
		6A3C330D1CEB33A900E5AB76 /* Assets.xcassets in Resources */ = {isa = PBXBuildFile; fileRef = 6A3C330C1CEB33A900E5AB76 /* Assets.xcassets */; };
		6A3C33101CEB33A900E5AB76 /* LaunchScreen.storyboard in Resources */ = {isa = PBXBuildFile; fileRef = 6A3C330E1CEB33A900E5AB76 /* LaunchScreen.storyboard */; };
		6A3C33281CEB50E700E5AB76 /* PhotosTableViewController.swift in Sources */ = {isa = PBXBuildFile; fileRef = 6A3C33271CEB50E700E5AB76 /* PhotosTableViewController.swift */; };
		6A3C332A1CEB510400E5AB76 /* PhotoViewController.swift in Sources */ = {isa = PBXBuildFile; fileRef = 6A3C33291CEB510400E5AB76 /* PhotoViewController.swift */; };
		6A3C332D1CEB513F00E5AB76 /* PhotoTableViewCell.swift in Sources */ = {isa = PBXBuildFile; fileRef = 6A3C332C1CEB513F00E5AB76 /* PhotoTableViewCell.swift */; };
		6A3C332F1CEB516900E5AB76 /* PhotosTableViewModel.swift in Sources */ = {isa = PBXBuildFile; fileRef = 6A3C332E1CEB516900E5AB76 /* PhotosTableViewModel.swift */; };
		6A3C33331CEB518300E5AB76 /* PhotoViewModel.swift in Sources */ = {isa = PBXBuildFile; fileRef = 6A3C33321CEB518300E5AB76 /* PhotoViewModel.swift */; };
		6A3C33351CEB56C700E5AB76 /* stub.json in Resources */ = {isa = PBXBuildFile; fileRef = 6A3C33341CEB56C700E5AB76 /* stub.json */; };
		6A3C33371CEB580800E5AB76 /* Constants.swift in Sources */ = {isa = PBXBuildFile; fileRef = 6A3C33361CEB580800E5AB76 /* Constants.swift */; };
		6A3C33391CEB65D600E5AB76 /* Photo.swift in Sources */ = {isa = PBXBuildFile; fileRef = 6A3C33381CEB65D600E5AB76 /* Photo.swift */; };
		6A3C333B1CEB768900E5AB76 /* Globals.swift in Sources */ = {isa = PBXBuildFile; fileRef = 6A3C333A1CEB768900E5AB76 /* Globals.swift */; };
		6A3C333E1CEB7D5300E5AB76 /* PresentableViewController.swift in Sources */ = {isa = PBXBuildFile; fileRef = 6A3C333D1CEB7D5300E5AB76 /* PresentableViewController.swift */; };
		6A3C33411CEB839000E5AB76 /* PresentableImageScrollView.swift in Sources */ = {isa = PBXBuildFile; fileRef = 6A3C33401CEB839000E5AB76 /* PresentableImageScrollView.swift */; };
		6A3C33431CEBA37600E5AB76 /* ImageLoaderController.swift in Sources */ = {isa = PBXBuildFile; fileRef = 6A3C33421CEBA37600E5AB76 /* ImageLoaderController.swift */; };
/* End PBXBuildFile section */

/* Begin PBXFileReference section */
		6A3C33021CEB33A900E5AB76 /* Flickr Party.app */ = {isa = PBXFileReference; explicitFileType = wrapper.application; includeInIndex = 0; path = "Flickr Party.app"; sourceTree = BUILT_PRODUCTS_DIR; };
		6A3C33051CEB33A900E5AB76 /* AppDelegate.swift */ = {isa = PBXFileReference; lastKnownFileType = sourcecode.swift; path = AppDelegate.swift; sourceTree = "<group>"; };
		6A3C330C1CEB33A900E5AB76 /* Assets.xcassets */ = {isa = PBXFileReference; lastKnownFileType = folder.assetcatalog; path = Assets.xcassets; sourceTree = "<group>"; };
		6A3C330F1CEB33A900E5AB76 /* Base */ = {isa = PBXFileReference; lastKnownFileType = file.storyboard; name = Base; path = Base.lproj/LaunchScreen.storyboard; sourceTree = "<group>"; };
		6A3C33111CEB33A900E5AB76 /* Info.plist */ = {isa = PBXFileReference; lastKnownFileType = text.plist.xml; path = Info.plist; sourceTree = "<group>"; };
		6A3C33271CEB50E700E5AB76 /* PhotosTableViewController.swift */ = {isa = PBXFileReference; fileEncoding = 4; lastKnownFileType = sourcecode.swift; path = PhotosTableViewController.swift; sourceTree = "<group>"; };
		6A3C33291CEB510400E5AB76 /* PhotoViewController.swift */ = {isa = PBXFileReference; fileEncoding = 4; lastKnownFileType = sourcecode.swift; path = PhotoViewController.swift; sourceTree = "<group>"; };
		6A3C332C1CEB513F00E5AB76 /* PhotoTableViewCell.swift */ = {isa = PBXFileReference; fileEncoding = 4; lastKnownFileType = sourcecode.swift; path = PhotoTableViewCell.swift; sourceTree = "<group>"; };
		6A3C332E1CEB516900E5AB76 /* PhotosTableViewModel.swift */ = {isa = PBXFileReference; fileEncoding = 4; lastKnownFileType = sourcecode.swift; path = PhotosTableViewModel.swift; sourceTree = "<group>"; };
		6A3C33321CEB518300E5AB76 /* PhotoViewModel.swift */ = {isa = PBXFileReference; fileEncoding = 4; lastKnownFileType = sourcecode.swift; path = PhotoViewModel.swift; sourceTree = "<group>"; };
		6A3C33341CEB56C700E5AB76 /* stub.json */ = {isa = PBXFileReference; fileEncoding = 4; lastKnownFileType = text.json; path = stub.json; sourceTree = "<group>"; };
		6A3C33361CEB580800E5AB76 /* Constants.swift */ = {isa = PBXFileReference; fileEncoding = 4; lastKnownFileType = sourcecode.swift; path = Constants.swift; sourceTree = "<group>"; };
		6A3C33381CEB65D600E5AB76 /* Photo.swift */ = {isa = PBXFileReference; fileEncoding = 4; lastKnownFileType = sourcecode.swift; name = Photo.swift; path = "Flickr Party/Resources/Photo.swift"; sourceTree = SOURCE_ROOT; };
		6A3C333A1CEB768900E5AB76 /* Globals.swift */ = {isa = PBXFileReference; fileEncoding = 4; lastKnownFileType = sourcecode.swift; path = Globals.swift; sourceTree = "<group>"; };
		6A3C333D1CEB7D5300E5AB76 /* PresentableViewController.swift */ = {isa = PBXFileReference; fileEncoding = 4; lastKnownFileType = sourcecode.swift; path = PresentableViewController.swift; sourceTree = SOURCE_ROOT; };
		6A3C33401CEB839000E5AB76 /* PresentableImageScrollView.swift */ = {isa = PBXFileReference; fileEncoding = 4; lastKnownFileType = sourcecode.swift; path = PresentableImageScrollView.swift; sourceTree = SOURCE_ROOT; };
		6A3C33421CEBA37600E5AB76 /* ImageLoaderController.swift */ = {isa = PBXFileReference; fileEncoding = 4; lastKnownFileType = sourcecode.swift; path = ImageLoaderController.swift; sourceTree = SOURCE_ROOT; };
/* End PBXFileReference section */

/* Begin PBXFrameworksBuildPhase section */
		6A3C32FF1CEB33A900E5AB76 /* Frameworks */ = {
			isa = PBXFrameworksBuildPhase;
			buildActionMask = 2147483647;
			files = (
			);
			runOnlyForDeploymentPostprocessing = 0;
		};
/* End PBXFrameworksBuildPhase section */

/* Begin PBXGroup section */
		6A3C32F91CEB33A900E5AB76 = {
			isa = PBXGroup;
			children = (
				6A3C33041CEB33A900E5AB76 /* Flickr Party */,
				6A3C33031CEB33A900E5AB76 /* Products */,
			);
			sourceTree = "<group>";
		};
		6A3C33031CEB33A900E5AB76 /* Products */ = {
			isa = PBXGroup;
			children = (
				6A3C33021CEB33A900E5AB76 /* Flickr Party.app */,
			);
			name = Products;
			sourceTree = "<group>";
		};
		6A3C33041CEB33A900E5AB76 /* Flickr Party */ = {
			isa = PBXGroup;
			children = (
				6A3C33231CEB360F00E5AB76 /* App */,
				6A3C33221CEB360900E5AB76 /* Enums */,
				6A3C33211CEB360100E5AB76 /* Extensions */,
				6A3C33201CEB35FA00E5AB76 /* Globals */,
				6A3C331F1CEB35EF00E5AB76 /* Helpers */,
				6A3C331E1CEB35E700E5AB76 /* Models */,
				6A3C331D1CEB35D900E5AB76 /* Networking */,
				6A3C331C1CEB35CF00E5AB76 /* Protocols */,
				6A3C331B1CEB35C800E5AB76 /* Resources */,
				6A3C331A1CEB35BD00E5AB76 /* Structs */,
				6A3C33191CEB35AE00E5AB76 /* View Controllers */,
				6A3C33181CEB35A400E5AB76 /* View Models */,
				6A3C33171CEB359E00E5AB76 /* Views */,
			);
			path = "Flickr Party";
			sourceTree = "<group>";
		};
		6A3C33171CEB359E00E5AB76 /* Views */ = {
			isa = PBXGroup;
			children = (
				6A3C332B1CEB511E00E5AB76 /* Table View Cells */,
			);
			path = Views;
			sourceTree = "<group>";
		};
		6A3C33181CEB35A400E5AB76 /* View Models */ = {
			isa = PBXGroup;
			children = (
				6A3C33321CEB518300E5AB76 /* PhotoViewModel.swift */,
				6A3C332E1CEB516900E5AB76 /* PhotosTableViewModel.swift */,
			);
			path = "View Models";
			sourceTree = "<group>";
		};
		6A3C33191CEB35AE00E5AB76 /* View Controllers */ = {
			isa = PBXGroup;
			children = (
				6A3C33291CEB510400E5AB76 /* PhotoViewController.swift */,
				6A3C33271CEB50E700E5AB76 /* PhotosTableViewController.swift */,
			);
			path = "View Controllers";
			sourceTree = "<group>";
		};
		6A3C331A1CEB35BD00E5AB76 /* Structs */ = {
			isa = PBXGroup;
			children = (
			);
			path = Structs;
			sourceTree = "<group>";
		};
		6A3C331B1CEB35C800E5AB76 /* Resources */ = {
			isa = PBXGroup;
			children = (
				6A3C330C1CEB33A900E5AB76 /* Assets.xcassets */,
				6A3C33111CEB33A900E5AB76 /* Info.plist */,
				6A3C330E1CEB33A900E5AB76 /* LaunchScreen.storyboard */,
				6A3C33341CEB56C700E5AB76 /* stub.json */,
			);
			path = Resources;
			sourceTree = "<group>";
		};
		6A3C331C1CEB35CF00E5AB76 /* Protocols */ = {
			isa = PBXGroup;
			children = (
				6A3C333F1CEB837200E5AB76 /* Scroll Views */,
				6A3C333C1CEB7D3E00E5AB76 /* View Controllers */,
			);
			path = Protocols;
			sourceTree = "<group>";
		};
		6A3C331D1CEB35D900E5AB76 /* Networking */ = {
			isa = PBXGroup;
			children = (
			);
			path = Networking;
			sourceTree = "<group>";
		};
		6A3C331E1CEB35E700E5AB76 /* Models */ = {
			isa = PBXGroup;
			children = (
				6A3C33381CEB65D600E5AB76 /* Photo.swift */,
			);
			path = Models;
			sourceTree = "<group>";
		};
		6A3C331F1CEB35EF00E5AB76 /* Helpers */ = {
			isa = PBXGroup;
			children = (
			);
			path = Helpers;
			sourceTree = "<group>";
		};
		6A3C33201CEB35FA00E5AB76 /* Globals */ = {
			isa = PBXGroup;
			children = (
				6A3C33361CEB580800E5AB76 /* Constants.swift */,
				6A3C333A1CEB768900E5AB76 /* Globals.swift */,
			);
			path = Globals;
			sourceTree = "<group>";
		};
		6A3C33211CEB360100E5AB76 /* Extensions */ = {
			isa = PBXGroup;
			children = (
			);
			path = Extensions;
			sourceTree = "<group>";
		};
		6A3C33221CEB360900E5AB76 /* Enums */ = {
			isa = PBXGroup;
			children = (
			);
			path = Enums;
			sourceTree = "<group>";
		};
		6A3C33231CEB360F00E5AB76 /* App */ = {
			isa = PBXGroup;
			children = (
				6A3C33051CEB33A900E5AB76 /* AppDelegate.swift */,
			);
			path = App;
			sourceTree = "<group>";
		};
		6A3C332B1CEB511E00E5AB76 /* Table View Cells */ = {
			isa = PBXGroup;
			children = (
				6A3C332C1CEB513F00E5AB76 /* PhotoTableViewCell.swift */,
			);
			path = "Table View Cells";
			sourceTree = "<group>";
		};
		6A3C333C1CEB7D3E00E5AB76 /* View Controllers */ = {
			isa = PBXGroup;
			children = (
				6A3C333D1CEB7D5300E5AB76 /* PresentableViewController.swift */,
				6A3C33421CEBA37600E5AB76 /* ImageLoaderController.swift */,
			);
			name = "View Controllers";
			sourceTree = "<group>";
		};
		6A3C333F1CEB837200E5AB76 /* Scroll Views */ = {
			isa = PBXGroup;
			children = (
				6A3C33401CEB839000E5AB76 /* PresentableImageScrollView.swift */,
			);
			name = "Scroll Views";
			sourceTree = "<group>";
		};
/* End PBXGroup section */

/* Begin PBXNativeTarget section */
		6A3C33011CEB33A900E5AB76 /* Flickr Party */ = {
			isa = PBXNativeTarget;
			buildConfigurationList = 6A3C33141CEB33A900E5AB76 /* Build configuration list for PBXNativeTarget "Flickr Party" */;
			buildPhases = (
				6A3C33261CEB38EE00E5AB76 /* SwiftLint */,
				6A3C32FE1CEB33A900E5AB76 /* Sources */,
				6A3C32FF1CEB33A900E5AB76 /* Frameworks */,
				6A3C33001CEB33A900E5AB76 /* Resources */,
			);
			buildRules = (
			);
			dependencies = (
			);
			name = "Flickr Party";
			productName = "Flickr Party";
			productReference = 6A3C33021CEB33A900E5AB76 /* Flickr Party.app */;
			productType = "com.apple.product-type.application";
		};
/* End PBXNativeTarget section */

/* Begin PBXProject section */
		6A3C32FA1CEB33A900E5AB76 /* Project object */ = {
			isa = PBXProject;
			attributes = {
				LastSwiftUpdateCheck = 0730;
				LastUpgradeCheck = 0730;
				ORGANIZATIONNAME = "Afonso Graça";
				TargetAttributes = {
					6A3C33011CEB33A900E5AB76 = {
						CreatedOnToolsVersion = 7.3.1;
						DevelopmentTeam = 4FG6E6H8G9;
					};
				};
			};
			buildConfigurationList = 6A3C32FD1CEB33A900E5AB76 /* Build configuration list for PBXProject "Flickr Party" */;
			compatibilityVersion = "Xcode 3.2";
			developmentRegion = English;
			hasScannedForEncodings = 0;
			knownRegions = (
				en,
				Base,
			);
			mainGroup = 6A3C32F91CEB33A900E5AB76;
			productRefGroup = 6A3C33031CEB33A900E5AB76 /* Products */;
			projectDirPath = "";
			projectRoot = "";
			targets = (
				6A3C33011CEB33A900E5AB76 /* Flickr Party */,
			);
		};
/* End PBXProject section */

/* Begin PBXResourcesBuildPhase section */
		6A3C33001CEB33A900E5AB76 /* Resources */ = {
			isa = PBXResourcesBuildPhase;
			buildActionMask = 2147483647;
			files = (
				6A3C33101CEB33A900E5AB76 /* LaunchScreen.storyboard in Resources */,
				6A3C33351CEB56C700E5AB76 /* stub.json in Resources */,
				6A3C330D1CEB33A900E5AB76 /* Assets.xcassets in Resources */,
			);
			runOnlyForDeploymentPostprocessing = 0;
		};
/* End PBXResourcesBuildPhase section */

/* Begin PBXShellScriptBuildPhase section */
		6A3C33261CEB38EE00E5AB76 /* SwiftLint */ = {
			isa = PBXShellScriptBuildPhase;
			buildActionMask = 2147483647;
			files = (
			);
			inputPaths = (
			);
			name = SwiftLint;
			outputPaths = (
			);
			runOnlyForDeploymentPostprocessing = 0;
			shellPath = /bin/sh;
			shellScript = "if which swiftlint >/dev/null; then\nswiftlint autocorrect\nswiftlint\nelse\necho \"SwiftLint does not exist, download from https://github.com/realm/SwiftLint\"\nfi";
		};
/* End PBXShellScriptBuildPhase section */

/* Begin PBXSourcesBuildPhase section */
		6A3C32FE1CEB33A900E5AB76 /* Sources */ = {
			isa = PBXSourcesBuildPhase;
			buildActionMask = 2147483647;
			files = (
				6A3C33411CEB839000E5AB76 /* PresentableImageScrollView.swift in Sources */,
				6A3C333E1CEB7D5300E5AB76 /* PresentableViewController.swift in Sources */,
				6A3C33391CEB65D600E5AB76 /* Photo.swift in Sources */,
				6A3C332D1CEB513F00E5AB76 /* PhotoTableViewCell.swift in Sources */,
				6A3C33331CEB518300E5AB76 /* PhotoViewModel.swift in Sources */,
				6A3C33281CEB50E700E5AB76 /* PhotosTableViewController.swift in Sources */,
				6A3C332F1CEB516900E5AB76 /* PhotosTableViewModel.swift in Sources */,
				6A3C33371CEB580800E5AB76 /* Constants.swift in Sources */,
				6A3C33431CEBA37600E5AB76 /* ImageLoaderController.swift in Sources */,
				6A3C33061CEB33A900E5AB76 /* AppDelegate.swift in Sources */,
				6A3C332A1CEB510400E5AB76 /* PhotoViewController.swift in Sources */,
				6A3C333B1CEB768900E5AB76 /* Globals.swift in Sources */,
			);
			runOnlyForDeploymentPostprocessing = 0;
		};
/* End PBXSourcesBuildPhase section */

/* Begin PBXVariantGroup section */
		6A3C330E1CEB33A900E5AB76 /* LaunchScreen.storyboard */ = {
			isa = PBXVariantGroup;
			children = (
				6A3C330F1CEB33A900E5AB76 /* Base */,
			);
			name = LaunchScreen.storyboard;
			path = .;
			sourceTree = "<group>";
		};
/* End PBXVariantGroup section */

/* Begin XCBuildConfiguration section */
		6A3C33121CEB33A900E5AB76 /* Debug */ = {
			isa = XCBuildConfiguration;
			buildSettings = {
				ALWAYS_SEARCH_USER_PATHS = NO;
				CLANG_ANALYZER_NONNULL = YES;
				CLANG_CXX_LANGUAGE_STANDARD = "gnu++0x";
				CLANG_CXX_LIBRARY = "libc++";
				CLANG_ENABLE_MODULES = YES;
				CLANG_ENABLE_OBJC_ARC = YES;
				CLANG_WARN_BOOL_CONVERSION = YES;
				CLANG_WARN_CONSTANT_CONVERSION = YES;
				CLANG_WARN_DIRECT_OBJC_ISA_USAGE = YES_ERROR;
				CLANG_WARN_EMPTY_BODY = YES;
				CLANG_WARN_ENUM_CONVERSION = YES;
				CLANG_WARN_INT_CONVERSION = YES;
				CLANG_WARN_OBJC_ROOT_CLASS = YES_ERROR;
				CLANG_WARN_UNREACHABLE_CODE = YES;
				CLANG_WARN__DUPLICATE_METHOD_MATCH = YES;
				"CODE_SIGN_IDENTITY[sdk=iphoneos*]" = "iPhone Developer";
				COPY_PHASE_STRIP = NO;
				DEBUG_INFORMATION_FORMAT = dwarf;
				ENABLE_STRICT_OBJC_MSGSEND = YES;
				ENABLE_TESTABILITY = YES;
				GCC_C_LANGUAGE_STANDARD = gnu99;
				GCC_DYNAMIC_NO_PIC = NO;
				GCC_NO_COMMON_BLOCKS = YES;
				GCC_OPTIMIZATION_LEVEL = 0;
				GCC_PREPROCESSOR_DEFINITIONS = (
					"DEBUG=1",
					"$(inherited)",
				);
				GCC_WARN_64_TO_32_BIT_CONVERSION = YES;
				GCC_WARN_ABOUT_RETURN_TYPE = YES_ERROR;
				GCC_WARN_UNDECLARED_SELECTOR = YES;
				GCC_WARN_UNINITIALIZED_AUTOS = YES_AGGRESSIVE;
				GCC_WARN_UNUSED_FUNCTION = YES;
				GCC_WARN_UNUSED_VARIABLE = YES;
				IPHONEOS_DEPLOYMENT_TARGET = 9.3;
				MTL_ENABLE_DEBUG_INFO = YES;
				ONLY_ACTIVE_ARCH = YES;
				SDKROOT = iphoneos;
				SWIFT_OPTIMIZATION_LEVEL = "-Onone";
				TARGETED_DEVICE_FAMILY = "1,2";
			};
			name = Debug;
		};
		6A3C33131CEB33A900E5AB76 /* Release */ = {
			isa = XCBuildConfiguration;
			buildSettings = {
				ALWAYS_SEARCH_USER_PATHS = NO;
				CLANG_ANALYZER_NONNULL = YES;
				CLANG_CXX_LANGUAGE_STANDARD = "gnu++0x";
				CLANG_CXX_LIBRARY = "libc++";
				CLANG_ENABLE_MODULES = YES;
				CLANG_ENABLE_OBJC_ARC = YES;
				CLANG_WARN_BOOL_CONVERSION = YES;
				CLANG_WARN_CONSTANT_CONVERSION = YES;
				CLANG_WARN_DIRECT_OBJC_ISA_USAGE = YES_ERROR;
				CLANG_WARN_EMPTY_BODY = YES;
				CLANG_WARN_ENUM_CONVERSION = YES;
				CLANG_WARN_INT_CONVERSION = YES;
				CLANG_WARN_OBJC_ROOT_CLASS = YES_ERROR;
				CLANG_WARN_UNREACHABLE_CODE = YES;
				CLANG_WARN__DUPLICATE_METHOD_MATCH = YES;
				"CODE_SIGN_IDENTITY[sdk=iphoneos*]" = "iPhone Developer";
				COPY_PHASE_STRIP = NO;
				DEBUG_INFORMATION_FORMAT = "dwarf-with-dsym";
				ENABLE_NS_ASSERTIONS = NO;
				ENABLE_STRICT_OBJC_MSGSEND = YES;
				GCC_C_LANGUAGE_STANDARD = gnu99;
				GCC_NO_COMMON_BLOCKS = YES;
				GCC_WARN_64_TO_32_BIT_CONVERSION = YES;
				GCC_WARN_ABOUT_RETURN_TYPE = YES_ERROR;
				GCC_WARN_UNDECLARED_SELECTOR = YES;
				GCC_WARN_UNINITIALIZED_AUTOS = YES_AGGRESSIVE;
				GCC_WARN_UNUSED_FUNCTION = YES;
				GCC_WARN_UNUSED_VARIABLE = YES;
				IPHONEOS_DEPLOYMENT_TARGET = 9.3;
				MTL_ENABLE_DEBUG_INFO = NO;
				SDKROOT = iphoneos;
				TARGETED_DEVICE_FAMILY = "1,2";
				VALIDATE_PRODUCT = YES;
			};
			name = Release;
		};
		6A3C33151CEB33A900E5AB76 /* Debug */ = {
			isa = XCBuildConfiguration;
			buildSettings = {
				ASSETCATALOG_COMPILER_APPICON_NAME = AppIcon;
				CODE_SIGN_IDENTITY = "iPhone Developer";
				"CODE_SIGN_IDENTITY[sdk=iphoneos*]" = "iPhone Developer";
				INFOPLIST_FILE = "Flickr Party/Resources/Info.plist";
				LD_RUNPATH_SEARCH_PATHS = "$(inherited) @executable_path/Frameworks";
				PRODUCT_BUNDLE_IDENTIFIER = "com.afonsograca.Flickr-Party";
				PRODUCT_NAME = "$(TARGET_NAME)";
				PROVISIONING_PROFILE = "";
			};
			name = Debug;
		};
		6A3C33161CEB33A900E5AB76 /* Release */ = {
			isa = XCBuildConfiguration;
			buildSettings = {
				ASSETCATALOG_COMPILER_APPICON_NAME = AppIcon;
				CODE_SIGN_IDENTITY = "iPhone Developer";
				"CODE_SIGN_IDENTITY[sdk=iphoneos*]" = "iPhone Developer";
				INFOPLIST_FILE = "Flickr Party/Resources/Info.plist";
				LD_RUNPATH_SEARCH_PATHS = "$(inherited) @executable_path/Frameworks";
				PRODUCT_BUNDLE_IDENTIFIER = "com.afonsograca.Flickr-Party";
				PRODUCT_NAME = "$(TARGET_NAME)";
				PROVISIONING_PROFILE = "";
			};
			name = Release;
		};
/* End XCBuildConfiguration section */

/* Begin XCConfigurationList section */
		6A3C32FD1CEB33A900E5AB76 /* Build configuration list for PBXProject "Flickr Party" */ = {
			isa = XCConfigurationList;
			buildConfigurations = (
				6A3C33121CEB33A900E5AB76 /* Debug */,
				6A3C33131CEB33A900E5AB76 /* Release */,
			);
			defaultConfigurationIsVisible = 0;
			defaultConfigurationName = Release;
		};
		6A3C33141CEB33A900E5AB76 /* Build configuration list for PBXNativeTarget "Flickr Party" */ = {
			isa = XCConfigurationList;
			buildConfigurations = (
				6A3C33151CEB33A900E5AB76 /* Debug */,
				6A3C33161CEB33A900E5AB76 /* Release */,
			);
			defaultConfigurationIsVisible = 0;
			defaultConfigurationName = Release;
		};
/* End XCConfigurationList section */
	};
	rootObject = 6A3C32FA1CEB33A900E5AB76 /* Project object */;
}
